// !$*UTF8*$!
{
	archiveVersion = 1;
	classes = {
	};
	objectVersion = 56;
	objects = {

/* Begin PBXBuildFile section */
		6F2C2651299E4AB80056FCE7 /* AppDelegate.swift in Sources */ = {isa = PBXBuildFile; fileRef = 6F2C2650299E4AB80056FCE7 /* AppDelegate.swift */; };
		6F2C2655299E4AB80056FCE7 /* LoginViewController.swift in Sources */ = {isa = PBXBuildFile; fileRef = 6F2C2654299E4AB80056FCE7 /* LoginViewController.swift */; };
		6F2C265A299E4AB90056FCE7 /* Assets.xcassets in Resources */ = {isa = PBXBuildFile; fileRef = 6F2C2659299E4AB90056FCE7 /* Assets.xcassets */; };
		6F2C265D299E4AB90056FCE7 /* LaunchScreen.storyboard in Resources */ = {isa = PBXBuildFile; fileRef = 6F2C265B299E4AB90056FCE7 /* LaunchScreen.storyboard */; };
		6F2C2667299E4F0B0056FCE7 /* LoginView.swift in Sources */ = {isa = PBXBuildFile; fileRef = 6F2C2666299E4F0B0056FCE7 /* LoginView.swift */; };
		6F2C266A29A1535F0056FCE7 /* OnboardingViewController.swift in Sources */ = {isa = PBXBuildFile; fileRef = 6F2C266929A1535F0056FCE7 /* OnboardingViewController.swift */; };
		6F2C266C29A153A10056FCE7 /* OnboardingContainerViewController.swift in Sources */ = {isa = PBXBuildFile; fileRef = 6F2C266B29A153A10056FCE7 /* OnboardingContainerViewController.swift */; };
		6F2C266E29A506E90056FCE7 /* GradientView.swift in Sources */ = {isa = PBXBuildFile; fileRef = 6F2C266D29A506E90056FCE7 /* GradientView.swift */; };
		6F2C267029A507190056FCE7 /* DummyViewController.swift in Sources */ = {isa = PBXBuildFile; fileRef = 6F2C266F29A507190056FCE7 /* DummyViewController.swift */; };
		6F2C267329A509130056FCE7 /* LocalState.swift in Sources */ = {isa = PBXBuildFile; fileRef = 6F2C267229A509130056FCE7 /* LocalState.swift */; };
		6F2C267529A632EA0056FCE7 /* MainViewController.swift in Sources */ = {isa = PBXBuildFile; fileRef = 6F2C267429A632EA0056FCE7 /* MainViewController.swift */; };
		6F2C267729A633C80056FCE7 /* UIViewController+Utils.swift in Sources */ = {isa = PBXBuildFile; fileRef = 6F2C267629A633C80056FCE7 /* UIViewController+Utils.swift */; };
		6F2C267C29A77E330056FCE7 /* AccountSummaryViewController.swift in Sources */ = {isa = PBXBuildFile; fileRef = 6F2C267B29A77E330056FCE7 /* AccountSummaryViewController.swift */; };
		6F2C267E29A77FB10056FCE7 /* AccountSummaryHeaderView.swift in Sources */ = {isa = PBXBuildFile; fileRef = 6F2C267D29A77FB10056FCE7 /* AccountSummaryHeaderView.swift */; };
		6F2C268029A77FE70056FCE7 /* AccountSummaryHeaderView.xib in Resources */ = {isa = PBXBuildFile; fileRef = 6F2C267F29A77FE70056FCE7 /* AccountSummaryHeaderView.xib */; };
		6F2C268529A787970056FCE7 /* AccountSummaryCell.swift in Sources */ = {isa = PBXBuildFile; fileRef = 6F2C268429A787970056FCE7 /* AccountSummaryCell.swift */; };
		6F2C268729A8DE450056FCE7 /* CurrencyFormatter.swift in Sources */ = {isa = PBXBuildFile; fileRef = 6F2C268629A8DE450056FCE7 /* CurrencyFormatter.swift */; };
/* End PBXBuildFile section */

/* Begin PBXFileReference section */
		6F2C264D299E4AB80056FCE7 /* Bankey.app */ = {isa = PBXFileReference; explicitFileType = wrapper.application; includeInIndex = 0; path = Bankey.app; sourceTree = BUILT_PRODUCTS_DIR; };
		6F2C2650299E4AB80056FCE7 /* AppDelegate.swift */ = {isa = PBXFileReference; lastKnownFileType = sourcecode.swift; path = AppDelegate.swift; sourceTree = "<group>"; };
		6F2C2654299E4AB80056FCE7 /* LoginViewController.swift */ = {isa = PBXFileReference; lastKnownFileType = sourcecode.swift; path = LoginViewController.swift; sourceTree = "<group>"; };
		6F2C2659299E4AB90056FCE7 /* Assets.xcassets */ = {isa = PBXFileReference; lastKnownFileType = folder.assetcatalog; path = Assets.xcassets; sourceTree = "<group>"; };
		6F2C265C299E4AB90056FCE7 /* Base */ = {isa = PBXFileReference; lastKnownFileType = file.storyboard; name = Base; path = Base.lproj/LaunchScreen.storyboard; sourceTree = "<group>"; };
		6F2C265E299E4AB90056FCE7 /* Info.plist */ = {isa = PBXFileReference; lastKnownFileType = text.plist.xml; path = Info.plist; sourceTree = "<group>"; };
		6F2C2666299E4F0B0056FCE7 /* LoginView.swift */ = {isa = PBXFileReference; lastKnownFileType = sourcecode.swift; path = LoginView.swift; sourceTree = "<group>"; };
		6F2C266929A1535F0056FCE7 /* OnboardingViewController.swift */ = {isa = PBXFileReference; lastKnownFileType = sourcecode.swift; path = OnboardingViewController.swift; sourceTree = "<group>"; };
		6F2C266B29A153A10056FCE7 /* OnboardingContainerViewController.swift */ = {isa = PBXFileReference; lastKnownFileType = sourcecode.swift; path = OnboardingContainerViewController.swift; sourceTree = "<group>"; };
		6F2C266D29A506E90056FCE7 /* GradientView.swift */ = {isa = PBXFileReference; lastKnownFileType = sourcecode.swift; path = GradientView.swift; sourceTree = "<group>"; };
		6F2C266F29A507190056FCE7 /* DummyViewController.swift */ = {isa = PBXFileReference; lastKnownFileType = sourcecode.swift; path = DummyViewController.swift; sourceTree = "<group>"; };
		6F2C267229A509130056FCE7 /* LocalState.swift */ = {isa = PBXFileReference; lastKnownFileType = sourcecode.swift; path = LocalState.swift; sourceTree = "<group>"; };
		6F2C267429A632EA0056FCE7 /* MainViewController.swift */ = {isa = PBXFileReference; lastKnownFileType = sourcecode.swift; path = MainViewController.swift; sourceTree = "<group>"; };
		6F2C267629A633C80056FCE7 /* UIViewController+Utils.swift */ = {isa = PBXFileReference; lastKnownFileType = sourcecode.swift; path = "UIViewController+Utils.swift"; sourceTree = "<group>"; };
		6F2C267B29A77E330056FCE7 /* AccountSummaryViewController.swift */ = {isa = PBXFileReference; lastKnownFileType = sourcecode.swift; path = AccountSummaryViewController.swift; sourceTree = "<group>"; };
		6F2C267D29A77FB10056FCE7 /* AccountSummaryHeaderView.swift */ = {isa = PBXFileReference; lastKnownFileType = sourcecode.swift; path = AccountSummaryHeaderView.swift; sourceTree = "<group>"; };
		6F2C267F29A77FE70056FCE7 /* AccountSummaryHeaderView.xib */ = {isa = PBXFileReference; lastKnownFileType = file.xib; path = AccountSummaryHeaderView.xib; sourceTree = "<group>"; };
		6F2C268429A787970056FCE7 /* AccountSummaryCell.swift */ = {isa = PBXFileReference; lastKnownFileType = sourcecode.swift; path = AccountSummaryCell.swift; sourceTree = "<group>"; };
		6F2C268629A8DE450056FCE7 /* CurrencyFormatter.swift */ = {isa = PBXFileReference; lastKnownFileType = sourcecode.swift; path = CurrencyFormatter.swift; sourceTree = "<group>"; };
/* End PBXFileReference section */

/* Begin PBXFrameworksBuildPhase section */
		6F2C264A299E4AB80056FCE7 /* Frameworks */ = {
			isa = PBXFrameworksBuildPhase;
			buildActionMask = 2147483647;
			files = (
			);
			runOnlyForDeploymentPostprocessing = 0;
		};
/* End PBXFrameworksBuildPhase section */

/* Begin PBXGroup section */
		6F2C2644299E4AB80056FCE7 = {
			isa = PBXGroup;
			children = (
				6F2C264F299E4AB80056FCE7 /* Bankey */,
				6F2C264E299E4AB80056FCE7 /* Products */,
			);
			sourceTree = "<group>";
		};
		6F2C264E299E4AB80056FCE7 /* Products */ = {
			isa = PBXGroup;
			children = (
				6F2C264D299E4AB80056FCE7 /* Bankey.app */,
			);
			name = Products;
			sourceTree = "<group>";
		};
		6F2C264F299E4AB80056FCE7 /* Bankey */ = {
			isa = PBXGroup;
			children = (
				6F2C267829A77D3E0056FCE7 /* AccountSummary */,
				6F2C267129A509020056FCE7 /* Util */,
				6F2C266829A153460056FCE7 /* Onboarding */,
				6F2C2664299E4E9D0056FCE7 /* files */,
				6F2C2665299E4EDF0056FCE7 /* Login */,
				6F2C2650299E4AB80056FCE7 /* AppDelegate.swift */,
				6F2C267429A632EA0056FCE7 /* MainViewController.swift */,
			);
			path = Bankey;
			sourceTree = "<group>";
		};
		6F2C2664299E4E9D0056FCE7 /* files */ = {
			isa = PBXGroup;
			children = (
				6F2C2659299E4AB90056FCE7 /* Assets.xcassets */,
				6F2C265B299E4AB90056FCE7 /* LaunchScreen.storyboard */,
				6F2C265E299E4AB90056FCE7 /* Info.plist */,
			);
			name = files;
			sourceTree = "<group>";
		};
		6F2C2665299E4EDF0056FCE7 /* Login */ = {
			isa = PBXGroup;
			children = (
				6F2C2654299E4AB80056FCE7 /* LoginViewController.swift */,
				6F2C2666299E4F0B0056FCE7 /* LoginView.swift */,
				6F2C266D29A506E90056FCE7 /* GradientView.swift */,
				6F2C266F29A507190056FCE7 /* DummyViewController.swift */,
			);
			path = Login;
			sourceTree = "<group>";
		};
		6F2C266829A153460056FCE7 /* Onboarding */ = {
			isa = PBXGroup;
			children = (
				6F2C266929A1535F0056FCE7 /* OnboardingViewController.swift */,
				6F2C266B29A153A10056FCE7 /* OnboardingContainerViewController.swift */,
			);
			name = Onboarding;
			sourceTree = "<group>";
		};
		6F2C267129A509020056FCE7 /* Util */ = {
			isa = PBXGroup;
			children = (
				6F2C267229A509130056FCE7 /* LocalState.swift */,
				6F2C267629A633C80056FCE7 /* UIViewController+Utils.swift */,
				6F2C268629A8DE450056FCE7 /* CurrencyFormatter.swift */,
			);
			path = Util;
			sourceTree = "<group>";
		};
		6F2C267829A77D3E0056FCE7 /* AccountSummary */ = {
			isa = PBXGroup;
			children = (
				6F2C268329A787770056FCE7 /* cell */,
				6F2C268129A787590056FCE7 /* header */,
				6F2C267B29A77E330056FCE7 /* AccountSummaryViewController.swift */,
			);
			path = AccountSummary;
			sourceTree = "<group>";
		};
		6F2C268129A787590056FCE7 /* header */ = {
			isa = PBXGroup;
			children = (
				6F2C267F29A77FE70056FCE7 /* AccountSummaryHeaderView.xib */,
				6F2C267D29A77FB10056FCE7 /* AccountSummaryHeaderView.swift */,
			);
			path = header;
			sourceTree = "<group>";
		};
		6F2C268329A787770056FCE7 /* cell */ = {
			isa = PBXGroup;
			children = (
				6F2C268429A787970056FCE7 /* AccountSummaryCell.swift */,
			);
			path = cell;
			sourceTree = "<group>";
		};
/* End PBXGroup section */

/* Begin PBXNativeTarget section */
		6F2C264C299E4AB80056FCE7 /* Bankey */ = {
			isa = PBXNativeTarget;
			buildConfigurationList = 6F2C2661299E4AB90056FCE7 /* Build configuration list for PBXNativeTarget "Bankey" */;
			buildPhases = (
				6F2C2649299E4AB80056FCE7 /* Sources */,
				6F2C264A299E4AB80056FCE7 /* Frameworks */,
				6F2C264B299E4AB80056FCE7 /* Resources */,
			);
			buildRules = (
			);
			dependencies = (
			);
			name = Bankey;
			productName = Bankey;
			productReference = 6F2C264D299E4AB80056FCE7 /* Bankey.app */;
			productType = "com.apple.product-type.application";
		};
/* End PBXNativeTarget section */

/* Begin PBXProject section */
		6F2C2645299E4AB80056FCE7 /* Project object */ = {
			isa = PBXProject;
			attributes = {
				BuildIndependentTargetsInParallel = 1;
				LastSwiftUpdateCheck = 1420;
				LastUpgradeCheck = 1420;
				TargetAttributes = {
					6F2C264C299E4AB80056FCE7 = {
						CreatedOnToolsVersion = 14.2;
					};
				};
			};
			buildConfigurationList = 6F2C2648299E4AB80056FCE7 /* Build configuration list for PBXProject "Bankey" */;
			compatibilityVersion = "Xcode 14.0";
			developmentRegion = en;
			hasScannedForEncodings = 0;
			knownRegions = (
				en,
				Base,
			);
			mainGroup = 6F2C2644299E4AB80056FCE7;
			productRefGroup = 6F2C264E299E4AB80056FCE7 /* Products */;
			projectDirPath = "";
			projectRoot = "";
			targets = (
				6F2C264C299E4AB80056FCE7 /* Bankey */,
			);
		};
/* End PBXProject section */

/* Begin PBXResourcesBuildPhase section */
		6F2C264B299E4AB80056FCE7 /* Resources */ = {
			isa = PBXResourcesBuildPhase;
			buildActionMask = 2147483647;
			files = (
				6F2C268029A77FE70056FCE7 /* AccountSummaryHeaderView.xib in Resources */,
				6F2C265D299E4AB90056FCE7 /* LaunchScreen.storyboard in Resources */,
				6F2C265A299E4AB90056FCE7 /* Assets.xcassets in Resources */,
			);
			runOnlyForDeploymentPostprocessing = 0;
		};
/* End PBXResourcesBuildPhase section */

/* Begin PBXSourcesBuildPhase section */
		6F2C2649299E4AB80056FCE7 /* Sources */ = {
			isa = PBXSourcesBuildPhase;
			buildActionMask = 2147483647;
			files = (
				6F2C267E29A77FB10056FCE7 /* AccountSummaryHeaderView.swift in Sources */,
				6F2C268529A787970056FCE7 /* AccountSummaryCell.swift in Sources */,
				6F2C267029A507190056FCE7 /* DummyViewController.swift in Sources */,
				6F2C2667299E4F0B0056FCE7 /* LoginView.swift in Sources */,
				6F2C2655299E4AB80056FCE7 /* LoginViewController.swift in Sources */,
				6F2C268729A8DE450056FCE7 /* CurrencyFormatter.swift in Sources */,
				6F2C266E29A506E90056FCE7 /* GradientView.swift in Sources */,
				6F2C267729A633C80056FCE7 /* UIViewController+Utils.swift in Sources */,
				6F2C2651299E4AB80056FCE7 /* AppDelegate.swift in Sources */,
				6F2C266C29A153A10056FCE7 /* OnboardingContainerViewController.swift in Sources */,
				6F2C267529A632EA0056FCE7 /* MainViewController.swift in Sources */,
				6F2C267C29A77E330056FCE7 /* AccountSummaryViewController.swift in Sources */,
				6F2C266A29A1535F0056FCE7 /* OnboardingViewController.swift in Sources */,
				6F2C267329A509130056FCE7 /* LocalState.swift in Sources */,
			);
			runOnlyForDeploymentPostprocessing = 0;
		};
/* End PBXSourcesBuildPhase section */

/* Begin PBXVariantGroup section */
		6F2C265B299E4AB90056FCE7 /* LaunchScreen.storyboard */ = {
			isa = PBXVariantGroup;
			children = (
				6F2C265C299E4AB90056FCE7 /* Base */,
			);
			name = LaunchScreen.storyboard;
			sourceTree = "<group>";
		};
/* End PBXVariantGroup section */

/* Begin XCBuildConfiguration section */
		6F2C265F299E4AB90056FCE7 /* Debug */ = {
			isa = XCBuildConfiguration;
			buildSettings = {
				ALWAYS_SEARCH_USER_PATHS = NO;
				CLANG_ANALYZER_NONNULL = YES;
				CLANG_ANALYZER_NUMBER_OBJECT_CONVERSION = YES_AGGRESSIVE;
				CLANG_CXX_LANGUAGE_STANDARD = "gnu++20";
				CLANG_ENABLE_MODULES = YES;
				CLANG_ENABLE_OBJC_ARC = YES;
				CLANG_ENABLE_OBJC_WEAK = YES;
				CLANG_WARN_BLOCK_CAPTURE_AUTORELEASING = YES;
				CLANG_WARN_BOOL_CONVERSION = YES;
				CLANG_WARN_COMMA = YES;
				CLANG_WARN_CONSTANT_CONVERSION = YES;
				CLANG_WARN_DEPRECATED_OBJC_IMPLEMENTATIONS = YES;
				CLANG_WARN_DIRECT_OBJC_ISA_USAGE = YES_ERROR;
				CLANG_WARN_DOCUMENTATION_COMMENTS = YES;
				CLANG_WARN_EMPTY_BODY = YES;
				CLANG_WARN_ENUM_CONVERSION = YES;
				CLANG_WARN_INFINITE_RECURSION = YES;
				CLANG_WARN_INT_CONVERSION = YES;
				CLANG_WARN_NON_LITERAL_NULL_CONVERSION = YES;
				CLANG_WARN_OBJC_IMPLICIT_RETAIN_SELF = YES;
				CLANG_WARN_OBJC_LITERAL_CONVERSION = YES;
				CLANG_WARN_OBJC_ROOT_CLASS = YES_ERROR;
				CLANG_WARN_QUOTED_INCLUDE_IN_FRAMEWORK_HEADER = YES;
				CLANG_WARN_RANGE_LOOP_ANALYSIS = YES;
				CLANG_WARN_STRICT_PROTOTYPES = YES;
				CLANG_WARN_SUSPICIOUS_MOVE = YES;
				CLANG_WARN_UNGUARDED_AVAILABILITY = YES_AGGRESSIVE;
				CLANG_WARN_UNREACHABLE_CODE = YES;
				CLANG_WARN__DUPLICATE_METHOD_MATCH = YES;
				COPY_PHASE_STRIP = NO;
				DEBUG_INFORMATION_FORMAT = dwarf;
				ENABLE_STRICT_OBJC_MSGSEND = YES;
				ENABLE_TESTABILITY = YES;
				GCC_C_LANGUAGE_STANDARD = gnu11;
				GCC_DYNAMIC_NO_PIC = NO;
				GCC_NO_COMMON_BLOCKS = YES;
				GCC_OPTIMIZATION_LEVEL = 0;
				GCC_PREPROCESSOR_DEFINITIONS = (
					"DEBUG=1",
					"$(inherited)",
				);
				GCC_WARN_64_TO_32_BIT_CONVERSION = YES;
				GCC_WARN_ABOUT_RETURN_TYPE = YES_ERROR;
				GCC_WARN_UNDECLARED_SELECTOR = YES;
				GCC_WARN_UNINITIALIZED_AUTOS = YES_AGGRESSIVE;
				GCC_WARN_UNUSED_FUNCTION = YES;
				GCC_WARN_UNUSED_VARIABLE = YES;
				IPHONEOS_DEPLOYMENT_TARGET = 16.2;
				MTL_ENABLE_DEBUG_INFO = INCLUDE_SOURCE;
				MTL_FAST_MATH = YES;
				ONLY_ACTIVE_ARCH = YES;
				SDKROOT = iphoneos;
				SWIFT_ACTIVE_COMPILATION_CONDITIONS = DEBUG;
				SWIFT_OPTIMIZATION_LEVEL = "-Onone";
			};
			name = Debug;
		};
		6F2C2660299E4AB90056FCE7 /* Release */ = {
			isa = XCBuildConfiguration;
			buildSettings = {
				ALWAYS_SEARCH_USER_PATHS = NO;
				CLANG_ANALYZER_NONNULL = YES;
				CLANG_ANALYZER_NUMBER_OBJECT_CONVERSION = YES_AGGRESSIVE;
				CLANG_CXX_LANGUAGE_STANDARD = "gnu++20";
				CLANG_ENABLE_MODULES = YES;
				CLANG_ENABLE_OBJC_ARC = YES;
				CLANG_ENABLE_OBJC_WEAK = YES;
				CLANG_WARN_BLOCK_CAPTURE_AUTORELEASING = YES;
				CLANG_WARN_BOOL_CONVERSION = YES;
				CLANG_WARN_COMMA = YES;
				CLANG_WARN_CONSTANT_CONVERSION = YES;
				CLANG_WARN_DEPRECATED_OBJC_IMPLEMENTATIONS = YES;
				CLANG_WARN_DIRECT_OBJC_ISA_USAGE = YES_ERROR;
				CLANG_WARN_DOCUMENTATION_COMMENTS = YES;
				CLANG_WARN_EMPTY_BODY = YES;
				CLANG_WARN_ENUM_CONVERSION = YES;
				CLANG_WARN_INFINITE_RECURSION = YES;
				CLANG_WARN_INT_CONVERSION = YES;
				CLANG_WARN_NON_LITERAL_NULL_CONVERSION = YES;
				CLANG_WARN_OBJC_IMPLICIT_RETAIN_SELF = YES;
				CLANG_WARN_OBJC_LITERAL_CONVERSION = YES;
				CLANG_WARN_OBJC_ROOT_CLASS = YES_ERROR;
				CLANG_WARN_QUOTED_INCLUDE_IN_FRAMEWORK_HEADER = YES;
				CLANG_WARN_RANGE_LOOP_ANALYSIS = YES;
				CLANG_WARN_STRICT_PROTOTYPES = YES;
				CLANG_WARN_SUSPICIOUS_MOVE = YES;
				CLANG_WARN_UNGUARDED_AVAILABILITY = YES_AGGRESSIVE;
				CLANG_WARN_UNREACHABLE_CODE = YES;
				CLANG_WARN__DUPLICATE_METHOD_MATCH = YES;
				COPY_PHASE_STRIP = NO;
				DEBUG_INFORMATION_FORMAT = "dwarf-with-dsym";
				ENABLE_NS_ASSERTIONS = NO;
				ENABLE_STRICT_OBJC_MSGSEND = YES;
				GCC_C_LANGUAGE_STANDARD = gnu11;
				GCC_NO_COMMON_BLOCKS = YES;
				GCC_WARN_64_TO_32_BIT_CONVERSION = YES;
				GCC_WARN_ABOUT_RETURN_TYPE = YES_ERROR;
				GCC_WARN_UNDECLARED_SELECTOR = YES;
				GCC_WARN_UNINITIALIZED_AUTOS = YES_AGGRESSIVE;
				GCC_WARN_UNUSED_FUNCTION = YES;
				GCC_WARN_UNUSED_VARIABLE = YES;
				IPHONEOS_DEPLOYMENT_TARGET = 16.2;
				MTL_ENABLE_DEBUG_INFO = NO;
				MTL_FAST_MATH = YES;
				SDKROOT = iphoneos;
				SWIFT_COMPILATION_MODE = wholemodule;
				SWIFT_OPTIMIZATION_LEVEL = "-O";
				VALIDATE_PRODUCT = YES;
			};
			name = Release;
		};
		6F2C2662299E4AB90056FCE7 /* Debug */ = {
			isa = XCBuildConfiguration;
			buildSettings = {
				ASSETCATALOG_COMPILER_APPICON_NAME = AppIcon;
				ASSETCATALOG_COMPILER_GLOBAL_ACCENT_COLOR_NAME = AccentColor;
				CODE_SIGN_STYLE = Automatic;
				CURRENT_PROJECT_VERSION = 1;
				DEVELOPMENT_TEAM = GP4P669DH8;
				GENERATE_INFOPLIST_FILE = YES;
				INFOPLIST_FILE = Bankey/Info.plist;
				INFOPLIST_KEY_UIApplicationSupportsIndirectInputEvents = YES;
				INFOPLIST_KEY_UILaunchStoryboardName = LaunchScreen;
				INFOPLIST_KEY_UISupportedInterfaceOrientations_iPad = "UIInterfaceOrientationPortrait UIInterfaceOrientationPortraitUpsideDown UIInterfaceOrientationLandscapeLeft UIInterfaceOrientationLandscapeRight";
				INFOPLIST_KEY_UISupportedInterfaceOrientations_iPhone = "UIInterfaceOrientationPortrait UIInterfaceOrientationLandscapeLeft UIInterfaceOrientationLandscapeRight";
				LD_RUNPATH_SEARCH_PATHS = (
					"$(inherited)",
					"@executable_path/Frameworks",
				);
				MARKETING_VERSION = 1.0;
				PRODUCT_BUNDLE_IDENTIFIER = nico.Bankey;
				PRODUCT_NAME = "$(TARGET_NAME)";
				SWIFT_EMIT_LOC_STRINGS = YES;
				SWIFT_VERSION = 5.0;
				TARGETED_DEVICE_FAMILY = "1,2";
			};
			name = Debug;
		};
		6F2C2663299E4AB90056FCE7 /* Release */ = {
			isa = XCBuildConfiguration;
			buildSettings = {
				ASSETCATALOG_COMPILER_APPICON_NAME = AppIcon;
				ASSETCATALOG_COMPILER_GLOBAL_ACCENT_COLOR_NAME = AccentColor;
				CODE_SIGN_STYLE = Automatic;
				CURRENT_PROJECT_VERSION = 1;
				DEVELOPMENT_TEAM = GP4P669DH8;
				GENERATE_INFOPLIST_FILE = YES;
				INFOPLIST_FILE = Bankey/Info.plist;
				INFOPLIST_KEY_UIApplicationSupportsIndirectInputEvents = YES;
				INFOPLIST_KEY_UILaunchStoryboardName = LaunchScreen;
				INFOPLIST_KEY_UISupportedInterfaceOrientations_iPad = "UIInterfaceOrientationPortrait UIInterfaceOrientationPortraitUpsideDown UIInterfaceOrientationLandscapeLeft UIInterfaceOrientationLandscapeRight";
				INFOPLIST_KEY_UISupportedInterfaceOrientations_iPhone = "UIInterfaceOrientationPortrait UIInterfaceOrientationLandscapeLeft UIInterfaceOrientationLandscapeRight";
				LD_RUNPATH_SEARCH_PATHS = (
					"$(inherited)",
					"@executable_path/Frameworks",
				);
				MARKETING_VERSION = 1.0;
				PRODUCT_BUNDLE_IDENTIFIER = nico.Bankey;
				PRODUCT_NAME = "$(TARGET_NAME)";
				SWIFT_EMIT_LOC_STRINGS = YES;
				SWIFT_VERSION = 5.0;
				TARGETED_DEVICE_FAMILY = "1,2";
			};
			name = Release;
		};
/* End XCBuildConfiguration section */

/* Begin XCConfigurationList section */
		6F2C2648299E4AB80056FCE7 /* Build configuration list for PBXProject "Bankey" */ = {
			isa = XCConfigurationList;
			buildConfigurations = (
				6F2C265F299E4AB90056FCE7 /* Debug */,
				6F2C2660299E4AB90056FCE7 /* Release */,
			);
			defaultConfigurationIsVisible = 0;
			defaultConfigurationName = Release;
		};
		6F2C2661299E4AB90056FCE7 /* Build configuration list for PBXNativeTarget "Bankey" */ = {
			isa = XCConfigurationList;
			buildConfigurations = (
				6F2C2662299E4AB90056FCE7 /* Debug */,
				6F2C2663299E4AB90056FCE7 /* Release */,
			);
			defaultConfigurationIsVisible = 0;
			defaultConfigurationName = Release;
		};
/* End XCConfigurationList section */
	};
	rootObject = 6F2C2645299E4AB80056FCE7 /* Project object */;
}
